
Microsoft Visual Studio Solution File, Format Version 12.00
# Visual Studio Version 16
VisualStudioVersion = 16.0.33214.272
MinimumVisualStudioVersion = 10.0.40219.1
Project("{9A19103F-16F7-4668-BE54-9A1E7A4F7556}") = "dev_Junior", "dev_Junior.csproj", "{352FBBDD-BEFF-424F-9FAE-DCFD77019988}"
EndProject
Project("{9A19103F-16F7-4668-BE54-9A1E7A4F7556}") = "API_Junior", "..\API_Junior\API_Junior.csproj", "{77ACE221-DEFE-4786-9191-DC75145AF6A9}"
EndProject
Global
	GlobalSection(SolutionConfigurationPlatforms) = preSolution
		Debug|Any CPU = Debug|Any CPU
		Release|Any CPU = Release|Any CPU
	EndGlobalSection
	GlobalSection(ProjectConfigurationPlatforms) = postSolution
		{352FBBDD-BEFF-424F-9FAE-DCFD77019988}.Debug|Any CPU.ActiveCfg = Debug|Any CPU
		{352FBBDD-BEFF-424F-9FAE-DCFD77019988}.Debug|Any CPU.Build.0 = Debug|Any CPU
		{352FBBDD-BEFF-424F-9FAE-DCFD77019988}.Release|Any CPU.ActiveCfg = Release|Any CPU
		{352FBBDD-BEFF-424F-9FAE-DCFD77019988}.Release|Any CPU.Build.0 = Release|Any CPU
		{77ACE221-DEFE-4786-9191-DC75145AF6A9}.Debug|Any CPU.ActiveCfg = Debug|Any CPU
		{77ACE221-DEFE-4786-9191-DC75145AF6A9}.Debug|Any CPU.Build.0 = Debug|Any CPU
		{77ACE221-DEFE-4786-9191-DC75145AF6A9}.Release|Any CPU.ActiveCfg = Release|Any CPU
		{77ACE221-DEFE-4786-9191-DC75145AF6A9}.Release|Any CPU.Build.0 = Release|Any CPU
	EndGlobalSection
	GlobalSection(SolutionProperties) = preSolution
		HideSolutionNode = FALSE
	EndGlobalSection
	GlobalSection(ExtensibilityGlobals) = postSolution
		SolutionGuid = {9755B064-4588-498D-9D49-33BA01054398}
	EndGlobalSection
EndGlobal
